
Microsoft Visual Studio Solution File, Format Version 12.00
# Visual Studio Version 17
VisualStudioVersion = 17.0.31903.59
MinimumVisualStudioVersion = 10.0.40219.1
Project("{FAE04EC0-301F-11D3-BF4B-00C04F79EFBC}") = "BotsCommon", "BotsCommon\BotsCommon.csproj", "{715DFF0B-CA60-430D-A39C-9C72D5E0B7FE}"
EndProject
Project("{FAE04EC0-301F-11D3-BF4B-00C04F79EFBC}") = "BotsCommon.Database", "BotsCommon.Database\BotsCommon.Database.csproj", "{D470CF6D-5C45-451E-AD61-1CD0B214C0CE}"
EndProject
Project("{FAE04EC0-301F-11D3-BF4B-00C04F79EFBC}") = "BotsCommon.Bots", "BotsCommon.Bots\BotsCommon.Bots.csproj", "{0BCE1B2E-08F5-430E-B36D-1E774C9A294D}"
EndProject
Project("{FAE04EC0-301F-11D3-BF4B-00C04F79EFBC}") = "PinkNet", "PinkNet\PinkNet\PinkNet.csproj", "{AE244179-63B6-468A-B48E-DECA4FA699B7}"
EndProject
Project("{FAE04EC0-301F-11D3-BF4B-00C04F79EFBC}") = "PinkLogging", "PinkLogging\PinkLogging\PinkLogging.csproj", "{699D670D-F8EE-4DA8-80FD-47A6B65A6134}"
EndProject
Project("{FAE04EC0-301F-11D3-BF4B-00C04F79EFBC}") = "BotsCommon.Json", "BotsCommon.Json\BotsCommon.Json.csproj", "{7F5CEA89-7D51-4A5E-87D7-2A100E0A9F4F}"
EndProject
Project("{FAE04EC0-301F-11D3-BF4B-00C04F79EFBC}") = "PinkJson2", "PinkJson\PinkJson2\PinkJson2.csproj", "{FFE1B770-121A-4C3B-9CC3-DCB3F9E1CF66}"
EndProject
Global
	GlobalSection(SolutionConfigurationPlatforms) = preSolution
		Debug|Any CPU = Debug|Any CPU
		Release|Any CPU = Release|Any CPU
	EndGlobalSection
	GlobalSection(SolutionProperties) = preSolution
		HideSolutionNode = FALSE
	EndGlobalSection
	GlobalSection(ProjectConfigurationPlatforms) = postSolution
		{715DFF0B-CA60-430D-A39C-9C72D5E0B7FE}.Debug|Any CPU.ActiveCfg = Debug|Any CPU
		{715DFF0B-CA60-430D-A39C-9C72D5E0B7FE}.Debug|Any CPU.Build.0 = Debug|Any CPU
		{715DFF0B-CA60-430D-A39C-9C72D5E0B7FE}.Release|Any CPU.ActiveCfg = Release|Any CPU
		{715DFF0B-CA60-430D-A39C-9C72D5E0B7FE}.Release|Any CPU.Build.0 = Release|Any CPU
		{D470CF6D-5C45-451E-AD61-1CD0B214C0CE}.Debug|Any CPU.ActiveCfg = Debug|Any CPU
		{D470CF6D-5C45-451E-AD61-1CD0B214C0CE}.Debug|Any CPU.Build.0 = Debug|Any CPU
		{D470CF6D-5C45-451E-AD61-1CD0B214C0CE}.Release|Any CPU.ActiveCfg = Release|Any CPU
		{D470CF6D-5C45-451E-AD61-1CD0B214C0CE}.Release|Any CPU.Build.0 = Release|Any CPU
		{0BCE1B2E-08F5-430E-B36D-1E774C9A294D}.Debug|Any CPU.ActiveCfg = Debug|Any CPU
		{0BCE1B2E-08F5-430E-B36D-1E774C9A294D}.Debug|Any CPU.Build.0 = Debug|Any CPU
		{0BCE1B2E-08F5-430E-B36D-1E774C9A294D}.Release|Any CPU.ActiveCfg = Release|Any CPU
		{0BCE1B2E-08F5-430E-B36D-1E774C9A294D}.Release|Any CPU.Build.0 = Release|Any CPU
		{AE244179-63B6-468A-B48E-DECA4FA699B7}.Debug|Any CPU.ActiveCfg = Debug|Any CPU
		{AE244179-63B6-468A-B48E-DECA4FA699B7}.Debug|Any CPU.Build.0 = Debug|Any CPU
		{AE244179-63B6-468A-B48E-DECA4FA699B7}.Release|Any CPU.ActiveCfg = Release|Any CPU
		{AE244179-63B6-468A-B48E-DECA4FA699B7}.Release|Any CPU.Build.0 = Release|Any CPU
		{699D670D-F8EE-4DA8-80FD-47A6B65A6134}.Debug|Any CPU.ActiveCfg = Debug|Any CPU
		{699D670D-F8EE-4DA8-80FD-47A6B65A6134}.Debug|Any CPU.Build.0 = Debug|Any CPU
		{699D670D-F8EE-4DA8-80FD-47A6B65A6134}.Release|Any CPU.ActiveCfg = Release|Any CPU
		{699D670D-F8EE-4DA8-80FD-47A6B65A6134}.Release|Any CPU.Build.0 = Release|Any CPU
		{7F5CEA89-7D51-4A5E-87D7-2A100E0A9F4F}.Debug|Any CPU.ActiveCfg = Debug|Any CPU
		{7F5CEA89-7D51-4A5E-87D7-2A100E0A9F4F}.Debug|Any CPU.Build.0 = Debug|Any CPU
		{7F5CEA89-7D51-4A5E-87D7-2A100E0A9F4F}.Release|Any CPU.ActiveCfg = Release|Any CPU
		{7F5CEA89-7D51-4A5E-87D7-2A100E0A9F4F}.Release|Any CPU.Build.0 = Release|Any CPU
		{FFE1B770-121A-4C3B-9CC3-DCB3F9E1CF66}.Debug|Any CPU.ActiveCfg = Debug|Any CPU
		{FFE1B770-121A-4C3B-9CC3-DCB3F9E1CF66}.Debug|Any CPU.Build.0 = Debug|Any CPU
		{FFE1B770-121A-4C3B-9CC3-DCB3F9E1CF66}.Release|Any CPU.ActiveCfg = Release|Any CPU
		{FFE1B770-121A-4C3B-9CC3-DCB3F9E1CF66}.Release|Any CPU.Build.0 = Release|Any CPU
	EndGlobalSection
EndGlobal
