
Microsoft Visual Studio Solution File, Format Version 12.00
# Visual Studio Version 17
VisualStudioVersion = 17.0.31903.59
MinimumVisualStudioVersion = 10.0.40219.1
Project("{9A19103F-16F7-4668-BE54-9A1E7A4F7556}") = "BotsCommon", "BotsCommon\BotsCommon.csproj", "{715DFF0B-CA60-430D-A39C-9C72D5E0B7FE}"
EndProject
Project("{9A19103F-16F7-4668-BE54-9A1E7A4F7556}") = "BotsCommon.Net.Http", "BotsCommon.Net.Http\BotsCommon.Net.Http.csproj", "{886B8CD5-33A8-4B5F-BDF1-186BB2A1F528}"
EndProject
Project("{9A19103F-16F7-4668-BE54-9A1E7A4F7556}") = "BotsCommon.Net", "BotsCommon.Net\BotsCommon.Net.csproj", "{2F6B9609-5F00-4739-8AAA-0AB1F05E49FB}"
EndProject
Project("{FAE04EC0-301F-11D3-BF4B-00C04F79EFBC}") = "BotsCommon.IO", "BotsCommon.IO\BotsCommon.IO.csproj", "{DD3E8426-CF93-498F-9175-4F9612D77205}"
EndProject
Project("{FAE04EC0-301F-11D3-BF4B-00C04F79EFBC}") = "BotsCommon.RegularExpressions", "BotsCommon.RegularExpressions\BotsCommon.RegularExpressions.csproj", "{31FEADC1-7C03-4368-8F3F-1C5F09D54FD0}"
EndProject
Global
	GlobalSection(SolutionConfigurationPlatforms) = preSolution
		Debug|Any CPU = Debug|Any CPU
		Release|Any CPU = Release|Any CPU
	EndGlobalSection
	GlobalSection(ProjectConfigurationPlatforms) = postSolution
		{715DFF0B-CA60-430D-A39C-9C72D5E0B7FE}.Debug|Any CPU.ActiveCfg = Debug|Any CPU
		{715DFF0B-CA60-430D-A39C-9C72D5E0B7FE}.Debug|Any CPU.Build.0 = Debug|Any CPU
		{715DFF0B-CA60-430D-A39C-9C72D5E0B7FE}.Release|Any CPU.ActiveCfg = Release|Any CPU
		{715DFF0B-CA60-430D-A39C-9C72D5E0B7FE}.Release|Any CPU.Build.0 = Release|Any CPU
		{886B8CD5-33A8-4B5F-BDF1-186BB2A1F528}.Debug|Any CPU.ActiveCfg = Debug|Any CPU
		{886B8CD5-33A8-4B5F-BDF1-186BB2A1F528}.Debug|Any CPU.Build.0 = Debug|Any CPU
		{886B8CD5-33A8-4B5F-BDF1-186BB2A1F528}.Release|Any CPU.ActiveCfg = Release|Any CPU
		{886B8CD5-33A8-4B5F-BDF1-186BB2A1F528}.Release|Any CPU.Build.0 = Release|Any CPU
		{2F6B9609-5F00-4739-8AAA-0AB1F05E49FB}.Debug|Any CPU.ActiveCfg = Debug|Any CPU
		{2F6B9609-5F00-4739-8AAA-0AB1F05E49FB}.Debug|Any CPU.Build.0 = Debug|Any CPU
		{2F6B9609-5F00-4739-8AAA-0AB1F05E49FB}.Release|Any CPU.ActiveCfg = Release|Any CPU
		{2F6B9609-5F00-4739-8AAA-0AB1F05E49FB}.Release|Any CPU.Build.0 = Release|Any CPU
		{DD3E8426-CF93-498F-9175-4F9612D77205}.Debug|Any CPU.ActiveCfg = Debug|Any CPU
		{DD3E8426-CF93-498F-9175-4F9612D77205}.Debug|Any CPU.Build.0 = Debug|Any CPU
		{DD3E8426-CF93-498F-9175-4F9612D77205}.Release|Any CPU.ActiveCfg = Release|Any CPU
		{DD3E8426-CF93-498F-9175-4F9612D77205}.Release|Any CPU.Build.0 = Release|Any CPU
		{31FEADC1-7C03-4368-8F3F-1C5F09D54FD0}.Debug|Any CPU.ActiveCfg = Debug|Any CPU
		{31FEADC1-7C03-4368-8F3F-1C5F09D54FD0}.Debug|Any CPU.Build.0 = Debug|Any CPU
		{31FEADC1-7C03-4368-8F3F-1C5F09D54FD0}.Release|Any CPU.ActiveCfg = Release|Any CPU
		{31FEADC1-7C03-4368-8F3F-1C5F09D54FD0}.Release|Any CPU.Build.0 = Release|Any CPU
	EndGlobalSection
	GlobalSection(SolutionProperties) = preSolution
		HideSolutionNode = FALSE
	EndGlobalSection
	GlobalSection(ExtensibilityGlobals) = postSolution
		SolutionGuid = {8A9EE3D0-3938-4FF3-AA82-459B2465C6C3}
	EndGlobalSection
EndGlobal
